
Microsoft Visual Studio Solution File, Format Version 12.00
# Visual Studio 15
VisualStudioVersion = 15.0.27004.2005
MinimumVisualStudioVersion = 10.0.40219.1
Project("{FAE04EC0-301F-11D3-BF4B-00C04F79EFBC}") = "TypeTrack", "TypeTrack\TypeTrack.csproj", "{4AD9CB51-960C-4EDB-B96F-9C1ECFBB85D6}"
EndProject
Global
	GlobalSection(SolutionConfigurationPlatforms) = preSolution
		Debug|Any CPU = Debug|Any CPU
		Release|Any CPU = Release|Any CPU
	EndGlobalSection
	GlobalSection(ProjectConfigurationPlatforms) = postSolution
		{4AD9CB51-960C-4EDB-B96F-9C1ECFBB85D6}.Debug|Any CPU.ActiveCfg = Debug|Any CPU
		{4AD9CB51-960C-4EDB-B96F-9C1ECFBB85D6}.Debug|Any CPU.Build.0 = Debug|Any CPU
		{4AD9CB51-960C-4EDB-B96F-9C1ECFBB85D6}.Release|Any CPU.ActiveCfg = Release|Any CPU
		{4AD9CB51-960C-4EDB-B96F-9C1ECFBB85D6}.Release|Any CPU.Build.0 = Release|Any CPU
	EndGlobalSection
	GlobalSection(SolutionProperties) = preSolution
		HideSolutionNode = FALSE
	EndGlobalSection
	GlobalSection(ExtensibilityGlobals) = postSolution
		SolutionGuid = {C37FE842-E553-4A25-95DC-C32705786768}
	EndGlobalSection
EndGlobal
